[tools.bun]
version = "1.2.4"
backend = "core:bun"

[tools.bun.checksums]
"bun-linux-x64-baseline.zip" = "sha256:e03eb2559a61af0cfb7acf3e59272d55613ef14078f156f7b22512456caa0f8b"

[tools.node]
version = "22.14.0"
backend = "core:node"

[tools.pnpm]
version = "10.5.2"
backend = "aqua:pnpm/pnpm"

[tools.pnpm.checksums]
pnpm-linux-x64 = "sha256:3c2fa7a4cf696a4a9303e348e9752c4d2d28aeb396396e5684d1e3869f68aece"
