[tools.bun]
version = "1.2.2"
backend = "core:bun"

[tools.bun.checksums]
"bun-linux-x64-baseline.zip" = "sha256:cad7756a6ee16f3432a328f8023fc5cd431106822eacfa6d6d3afbad6fdc24db"

[tools.node]
version = "22.14.0"
backend = "core:node"

[tools.pnpm]
version = "10.3.0"
backend = "aqua:pnpm/pnpm"

[tools.pnpm.checksums]
pnpm-linux-x64 = "sha256:93a692670e72417ad1dce01d785cf2b134289ca19634e37d9db44f590c7de51f"
