lockfileVersion: '9.0'

settings:
  autoInstallPeers: true
  excludeLinksFromLockfile: false

importers:

  .:
    devDependencies:
      '@mary/tar':
        specifier: npm:@jsr/mary__tar@^0.2.4
        version: '@jsr/mary__tar@0.2.4'
      prettier:
        specifier: ^3.3.3
        version: 3.3.3
      typescript:
        specifier: 5.6.0-beta
        version: 5.6.0-beta

  packages/core/client:
    devDependencies:
      '@atcute/lex-cli':
        specifier: workspace:^
        version: link:../lex-cli

  packages/core/lex-cli:
    dependencies:
      '@badrap/valita':
        specifier: ^0.3.9
        version: 0.3.9
      '@externdefs/collider':
        specifier: ^0.1.0
        version: 0.1.0(@badrap/valita@0.3.9)
      picocolors:
        specifier: ^1.0.1
        version: 1.0.1
      prettier:
        specifier: ^3.3.3
        version: 3.3.3
    devDependencies:
      '@types/node':
        specifier: ^22.3.0
        version: 22.3.0

  packages/definitions/bluemoji:
    devDependencies:
      '@atcute/client':
        specifier: workspace:^1.0.0
        version: link:../../core/client
      '@atcute/lex-cli':
        specifier: workspace:^
        version: link:../../core/lex-cli

  packages/definitions/bluesky:
    devDependencies:
      '@atcute/client':
        specifier: workspace:^1.0.0
        version: link:../../core/client
      '@atcute/lex-cli':
        specifier: workspace:^
        version: link:../../core/lex-cli

  packages/definitions/whitewind:
    devDependencies:
      '@atcute/client':
        specifier: workspace:^1.0.0
        version: link:../../core/client
      '@atcute/lex-cli':
        specifier: workspace:^
        version: link:../../core/lex-cli

  packages/utilities/base32:
    devDependencies:
      '@types/bun':
        specifier: ^1.1.6
        version: 1.1.6

  packages/utilities/cbor:
    dependencies:
      '@atcute/base32':
        specifier: workspace:^
        version: link:../base32
      '@atcute/cid':
        specifier: workspace:^
        version: link:../cid
      fp16:
        specifier: ^0.3.0
        version: 0.3.0
    devDependencies:
      '@ipld/dag-cbor':
        specifier: ^9.2.1
        version: 9.2.1
      '@types/bun':
        specifier: ^1.1.6
        version: 1.1.6
      mitata:
        specifier: ^0.1.11
        version: 0.1.11

  packages/utilities/cid:
    dependencies:
      '@atcute/base32':
        specifier: workspace:^
        version: link:../base32
      '@atcute/varint':
        specifier: workspace:^
        version: link:../varint
    devDependencies:
      '@types/bun':
        specifier: ^1.1.6
        version: 1.1.6

  packages/utilities/tid:
    devDependencies:
      '@types/bun':
        specifier: ^1.1.6
        version: 1.1.6

  packages/utilities/varint:
    devDependencies:
      '@types/bun':
        specifier: ^1.1.6
        version: 1.1.6

packages:

  '@badrap/valita@0.3.9':
    resolution: {integrity: sha512-keFt5iCwI6H5lbvhg2ZJCWa1xRffdpk6/LHCaayubaRM2zhnRIIBE1d+2NEzXLSk4Fe/aklGNXVPt7hNkvBH6g==}
    engines: {node: '>= 16'}

  '@externdefs/collider@0.1.0':
    resolution: {integrity: sha512-vmFJEKHhftREiuhhK3WIMKk6bGfm7kM9c5HeVElFCbtqajXqCfwY/GR3f1G0qYWCvbtcoBhIZ2O8ia3A2/pjkw==}
    peerDependencies:
      '@badrap/valita': ^0.3.9

  '@ipld/dag-cbor@9.2.1':
    resolution: {integrity: sha512-nyY48yE7r3dnJVlxrdaimrbloh4RokQaNRdI//btfTkcTEZbpmSrbYcBQ4VKTf8ZxXAOUJy4VsRpkJo+y9RTnA==}
    engines: {node: '>=16.0.0', npm: '>=7.0.0'}

  '@jsr/mary__tar@0.2.4':
    resolution: {integrity: sha512-jFjPcZj8DRSukPLZOt6+h74cVFdfdTMG9gzbW67YByCJTD52PEpe2sNcfCSw4mQ8hZBNgwiufCPyYL8hR9yicA==, tarball: https://npm.jsr.io/~/11/@jsr/mary__tar/0.2.4.tgz}

  '@types/bun@1.1.6':
    resolution: {integrity: sha512-uJgKjTdX0GkWEHZzQzFsJkWp5+43ZS7HC8sZPFnOwnSo1AsNl2q9o2bFeS23disNDqbggEgyFkKCHl/w8iZsMA==}

  '@types/node@20.12.14':
    resolution: {integrity: sha512-scnD59RpYD91xngrQQLGkE+6UrHUPzeKZWhhjBSa3HSkwjbQc38+q3RoIVEwxQGRw3M+j5hpNAM+lgV3cVormg==}

  '@types/node@22.3.0':
    resolution: {integrity: sha512-nrWpWVaDZuaVc5X84xJ0vNrLvomM205oQyLsRt7OHNZbSHslcWsvgFR7O7hire2ZonjLrWBbedmotmIlJDVd6g==}

  '@types/ws@8.5.12':
    resolution: {integrity: sha512-3tPRkv1EtkDpzlgyKyI8pGsGZAGPEaXeu0DOj5DI25Ja91bdAYddYHbADRYVrZMRbfW+1l5YwXVDKohDJNQxkQ==}

  bun-types@1.1.17:
    resolution: {integrity: sha512-Z4+OplcSd/YZq7ZsrfD00DKJeCwuNY96a1IDJyR73+cTBaFIS7SC6LhpY/W3AMEXO9iYq5NJ58WAwnwL1p5vKg==}

  cborg@4.2.3:
    resolution: {integrity: sha512-XBFbEJ6WMfn9L7woc2t+EzOxF8vGqddoopKBbrhIvZBt2WIUgSlT8xLmM6Aq1xv8eWt4yOSjwxWjYeuHU3CpJA==}
    hasBin: true

  fp16@0.3.0:
    resolution: {integrity: sha512-Iw6hLaH345EETQGU56NiAcJ173IraDRdJrVy+0fBMPdkZhzKNN/k3eqXFyNmnyx2/jnIzF2nr0mHh5nHrQBMEQ==}

  mitata@0.1.11:
    resolution: {integrity: sha512-cs6FiWcnRxn7atVumm8wA8R70XCDmMXgVgb/qWUSjr5dwuIBr7zC+22mbGYPlbyFixlIOjuP//A0e72Q1ZoGDw==}

  multiformats@13.2.2:
    resolution: {integrity: sha512-RWI+nyf0q64vyOxL8LbKtjJMki0sogRL/8axvklNtiTM0iFCVtHwME9w6+0P1/v4dQvsIg8A45oT3ka1t/M/+A==}

  picocolors@1.0.1:
    resolution: {integrity: sha512-anP1Z8qwhkbmu7MFP5iTt+wQKXgwzf7zTyGlcdzabySa9vd0Xt392U0rVmz9poOaBj0uHJKyyo9/upk0HrEQew==}

  prettier@3.3.3:
    resolution: {integrity: sha512-i2tDNA0O5IrMO757lfrdQZCc2jPNDVntV0m/+4whiDfWaTKfMNgR7Qz0NAeGz/nRqF4m5/6CLzbP4/liHt12Ew==}
    engines: {node: '>=14'}
    hasBin: true

  typescript@5.6.0-beta:
    resolution: {integrity: sha512-wqVumY25SwHmCJvZPHqbWfjSyWdAqTTUM+LqaPpFccOnln54EZoPr8Ra7qJV8HMEdFYcDc+S5xro0RyvaHvIvw==}
    engines: {node: '>=14.17'}
    hasBin: true

  undici-types@5.26.5:
    resolution: {integrity: sha512-JlCMO+ehdEIKqlFxk6IfVoAUVmgz7cU7zD/h9XZ0qzeosSHmUJVOzSQvvYSYWXkFXC+IfLKSIffhv0sVZup6pA==}

  undici-types@6.18.2:
    resolution: {integrity: sha512-5ruQbENj95yDYJNS3TvcaxPMshV7aizdv/hWYjGIKoANWKjhWNBsr2YEuYZKodQulB1b8l7ILOuDQep3afowQQ==}

snapshots:

  '@badrap/valita@0.3.9': {}

  '@externdefs/collider@0.1.0(@badrap/valita@0.3.9)':
    dependencies:
      '@badrap/valita': 0.3.9

  '@ipld/dag-cbor@9.2.1':
    dependencies:
      cborg: 4.2.3
      multiformats: 13.2.2

  '@jsr/mary__tar@0.2.4': {}

  '@types/bun@1.1.6':
    dependencies:
      bun-types: 1.1.17

  '@types/node@20.12.14':
    dependencies:
      undici-types: 5.26.5

  '@types/node@22.3.0':
    dependencies:
      undici-types: 6.18.2

  '@types/ws@8.5.12':
    dependencies:
      '@types/node': 22.3.0

  bun-types@1.1.17:
    dependencies:
      '@types/node': 20.12.14
      '@types/ws': 8.5.12

  cborg@4.2.3: {}

  fp16@0.3.0: {}

  mitata@0.1.11: {}

  multiformats@13.2.2: {}

  picocolors@1.0.1: {}

  prettier@3.3.3: {}

  typescript@5.6.0-beta: {}

  undici-types@5.26.5: {}

  undici-types@6.18.2: {}
